GIT
  remote: https://github.com/cldwalker/ripl-misc
  revision: ef784ff726c514e982da87c3e8c617d79f5f40e3
  specs:
    ripl-misc (0.1.0)

GEM
  remote: https://rubygems.org/
  specs:
    alias (0.2.3)
    bond (0.5.1)
    boson (1.3.0)
    boson-more (0.3.1)
      boson (>= 1.3.0)
    file_exists (0.2.0)
    hirb (0.7.3)
    lightning (0.4.1)
    menu (0.1.0)
    method_lister (0.3.2)
    ripl (0.7.1)
      bond (~> 0.5.1)
    ripl-after_rc (0.1.0)
      ripl (>= 0.2.0)
    ripl-color_error (0.1.1)
      ripl (>= 0.2.0)
    ripl-commands (0.2.1)
      ripl (>= 0.2.9)
    ripl-i18n (0.3.2)
      ripl (>= 0.5.0)
    ripl-ripper (0.1.0)
      ripl (>= 0.3.3)

PLATFORMS
  arm64-darwin-25
  ruby

DEPENDENCIES
  alias
  bond
  boson
  boson-more
  file_exists (~> 0.2.0)
  hirb
  lightning
  menu
  method_lister
  ripl
  ripl-after_rc
  ripl-color_error
  ripl-commands
  ripl-i18n
  ripl-misc!
  ripl-ripper

CHECKSUMS
  alias (0.2.3) sha256=ef54d92b1a83acca52791d86f7abe569c92880970455064380e552757ddb2e14
  bond (0.5.1) sha256=20710d17b16609b0dfbde9d828964b5eadb565513dbb68fb13d44f4d988b29e4
  boson (1.3.0) sha256=e241d0fc9425630efeb5850a24e1d34f648d044a394dde7735ac1b957546d137
  boson-more (0.3.1) sha256=1222f8bc1614d10065471201eeff3ed4cb1499ec53cf9c8a10edf170185c8410
  file_exists (0.2.0) sha256=b49679e6de3465d6e23cca67c33e92a78b92e2bba52602f5c259eb99dd3a5087
  hirb (0.7.3) sha256=5132733ca44b1f41f36c624693a3201284368a349dfe37f543ae6e2ad880ec57
  lightning (0.4.1) sha256=6dc227e5224e9cdd12aa5e7f6018402a841e1ceaf10a3dcbc95760793447936d
  menu (0.1.0) sha256=bcaecdfb31c57f8ab0e2338942d19552baf7d49d4044d676a13bfa8dc70ef97b
  method_lister (0.3.2) sha256=950e4f4ce98dd529e54aa95cd76da41377afcf03cb42eaebcc54f5fd16aed2b5
  ripl (0.7.1) sha256=cf781cf15f76c46943e15fa8af843eedc89157849b92d9597f83523ab70f0c5a
  ripl-after_rc (0.1.0) sha256=9b5e98271cdd898127c8260360d469078f278f9dfb79f05848a7ab95054c3fc1
  ripl-color_error (0.1.1) sha256=1673f6fdb725cb84204626aa172a506e1318f2350f46e8bba752bd339cd50c8e
  ripl-commands (0.2.1) sha256=5d45fb8784b6c37e84dd1cbfa9670e377b332368067484234be4a6f5d33bf2f8
  ripl-i18n (0.3.2) sha256=96753edbdabb4f9b039bbd252e8ed7898e7ccf2b6948c81429acc48232cc756c
  ripl-misc (0.1.0)
  ripl-ripper (0.1.0) sha256=d17d5cc4e10eae9f6367c0ce929e50dfb86604045d7a1882cca336cc1e67d04e

BUNDLED WITH
  4.0.8
